
Microsoft Visual Studio Solution File, Format Version 12.00
# Visual Studio 2012
Project("{FAE04EC0-301F-11D3-BF4B-00C04F79EFBC}") = "AudioTestHost", "AudioTestHost.csproj", "{8FA7AF8F-37BB-4D0B-998E-FFEB0700AFF2}"
EndProject
Global
	GlobalSection(SolutionConfigurationPlatforms) = preSolution
		Debug|Any CPU = Debug|Any CPU
		Release|Any CPU = Release|Any CPU
	EndGlobalSection
	GlobalSection(ProjectConfigurationPlatforms) = postSolution
		{8FA7AF8F-37BB-4D0B-998E-FFEB0700AFF2}.Debug|Any CPU.ActiveCfg = Debug|Any CPU
		{8FA7AF8F-37BB-4D0B-998E-FFEB0700AFF2}.Debug|Any CPU.Build.0 = Debug|Any CPU
		{8FA7AF8F-37BB-4D0B-998E-FFEB0700AFF2}.Release|Any CPU.ActiveCfg = Release|Any CPU
		{8FA7AF8F-37BB-4D0B-998E-FFEB0700AFF2}.Release|Any CPU.Build.0 = Release|Any CPU
	EndGlobalSection
	GlobalSection(SolutionProperties) = preSolution
		HideSolutionNode = FALSE
	EndGlobalSection
EndGlobal
